// !$*UTF8*$!
{
	archiveVersion = 1;
	classes = {
	};
	objectVersion = 46;
	objects = {

/* Begin PBXBuildFile section */
		22ACFA5419CDB69000B7C9B8 /* Foundation.framework in Frameworks */ = {isa = PBXBuildFile; fileRef = 22ACFA5319CDB69000B7C9B8 /* Foundation.framework */; };
		22ACFA5619CDB69000B7C9B8 /* CoreGraphics.framework in Frameworks */ = {isa = PBXBuildFile; fileRef = 22ACFA5519CDB69000B7C9B8 /* CoreGraphics.framework */; };
		22ACFA5819CDB69000B7C9B8 /* UIKit.framework in Frameworks */ = {isa = PBXBuildFile; fileRef = 22ACFA5719CDB69000B7C9B8 /* UIKit.framework */; };
		22ACFA5E19CDB69000B7C9B8 /* InfoPlist.strings in Resources */ = {isa = PBXBuildFile; fileRef = 22ACFA5C19CDB69000B7C9B8 /* InfoPlist.strings */; };
		22ACFA6019CDB69000B7C9B8 /* main.m in Sources */ = {isa = PBXBuildFile; fileRef = 22ACFA5F19CDB69000B7C9B8 /* main.m */; };
		22ACFA6419CDB69000B7C9B8 /* VGAppDelegate.m in Sources */ = {isa = PBXBuildFile; fileRef = 22ACFA6319CDB69000B7C9B8 /* VGAppDelegate.m */; };
		22ACFA6719CDB69000B7C9B8 /* Main_iPhone.storyboard in Resources */ = {isa = PBXBuildFile; fileRef = 22ACFA6519CDB69000B7C9B8 /* Main_iPhone.storyboard */; };
		22ACFA6A19CDB69000B7C9B8 /* Main_iPad.storyboard in Resources */ = {isa = PBXBuildFile; fileRef = 22ACFA6819CDB69000B7C9B8 /* Main_iPad.storyboard */; };
		22ACFA6D19CDB69000B7C9B8 /* VGViewController.m in Sources */ = {isa = PBXBuildFile; fileRef = 22ACFA6C19CDB69000B7C9B8 /* VGViewController.m */; };
		22ACFA6F19CDB69000B7C9B8 /* Images.xcassets in Resources */ = {isa = PBXBuildFile; fileRef = 22ACFA6E19CDB69000B7C9B8 /* Images.xcassets */; };
		22ACFA7619CDB69000B7C9B8 /* XCTest.framework in Frameworks */ = {isa = PBXBuildFile; fileRef = 22ACFA7519CDB69000B7C9B8 /* XCTest.framework */; };
		22ACFA7719CDB69000B7C9B8 /* Foundation.framework in Frameworks */ = {isa = PBXBuildFile; fileRef = 22ACFA5319CDB69000B7C9B8 /* Foundation.framework */; };
		22ACFA7819CDB69000B7C9B8 /* UIKit.framework in Frameworks */ = {isa = PBXBuildFile; fileRef = 22ACFA5719CDB69000B7C9B8 /* UIKit.framework */; };
		22ACFA8019CDB69000B7C9B8 /* InfoPlist.strings in Resources */ = {isa = PBXBuildFile; fileRef = 22ACFA7E19CDB69000B7C9B8 /* InfoPlist.strings */; };
		22ACFA8219CDB69000B7C9B8 /* webCheckerTests.m in Sources */ = {isa = PBXBuildFile; fileRef = 22ACFA8119CDB69000B7C9B8 /* webCheckerTests.m */; };
		22ACFA8C19CDB6D200B7C9B8 /* tiaoqi.html in Resources */ = {isa = PBXBuildFile; fileRef = 22ACFA8B19CDB6D200B7C9B8 /* tiaoqi.html */; };
		22D6676019D1C90300C87E42 /* myTest.html in Resources */ = {isa = PBXBuildFile; fileRef = 22D6675F19D1C90300C87E42 /* myTest.html */; };
/* End PBXBuildFile section */

/* Begin PBXContainerItemProxy section */
		22ACFA7919CDB69000B7C9B8 /* PBXContainerItemProxy */ = {
			isa = PBXContainerItemProxy;
			containerPortal = 22ACFA4819CDB69000B7C9B8 /* Project object */;
			proxyType = 1;
			remoteGlobalIDString = 22ACFA4F19CDB69000B7C9B8;
			remoteInfo = webChecker;
		};
/* End PBXContainerItemProxy section */

/* Begin PBXFileReference section */
		22ACFA5019CDB69000B7C9B8 /* webChecker.app */ = {isa = PBXFileReference; explicitFileType = wrapper.application; includeInIndex = 0; path = webChecker.app; sourceTree = BUILT_PRODUCTS_DIR; };
		22ACFA5319CDB69000B7C9B8 /* Foundation.framework */ = {isa = PBXFileReference; lastKnownFileType = wrapper.framework; name = Foundation.framework; path = System/Library/Frameworks/Foundation.framework; sourceTree = SDKROOT; };
		22ACFA5519CDB69000B7C9B8 /* CoreGraphics.framework */ = {isa = PBXFileReference; lastKnownFileType = wrapper.framework; name = CoreGraphics.framework; path = System/Library/Frameworks/CoreGraphics.framework; sourceTree = SDKROOT; };
		22ACFA5719CDB69000B7C9B8 /* UIKit.framework */ = {isa = PBXFileReference; lastKnownFileType = wrapper.framework; name = UIKit.framework; path = System/Library/Frameworks/UIKit.framework; sourceTree = SDKROOT; };
		22ACFA5B19CDB69000B7C9B8 /* webChecker-Info.plist */ = {isa = PBXFileReference; lastKnownFileType = text.plist.xml; path = "webChecker-Info.plist"; sourceTree = "<group>"; };
		22ACFA5D19CDB69000B7C9B8 /* en */ = {isa = PBXFileReference; lastKnownFileType = text.plist.strings; name = en; path = en.lproj/InfoPlist.strings; sourceTree = "<group>"; };
		22ACFA5F19CDB69000B7C9B8 /* main.m */ = {isa = PBXFileReference; lastKnownFileType = sourcecode.c.objc; path = main.m; sourceTree = "<group>"; };
		22ACFA6119CDB69000B7C9B8 /* webChecker-Prefix.pch */ = {isa = PBXFileReference; lastKnownFileType = sourcecode.c.h; path = "webChecker-Prefix.pch"; sourceTree = "<group>"; };
		22ACFA6219CDB69000B7C9B8 /* VGAppDelegate.h */ = {isa = PBXFileReference; lastKnownFileType = sourcecode.c.h; path = VGAppDelegate.h; sourceTree = "<group>"; };
		22ACFA6319CDB69000B7C9B8 /* VGAppDelegate.m */ = {isa = PBXFileReference; lastKnownFileType = sourcecode.c.objc; path = VGAppDelegate.m; sourceTree = "<group>"; };
		22ACFA6619CDB69000B7C9B8 /* Base */ = {isa = PBXFileReference; lastKnownFileType = file.storyboard; name = Base; path = Base.lproj/Main_iPhone.storyboard; sourceTree = "<group>"; };
		22ACFA6919CDB69000B7C9B8 /* Base */ = {isa = PBXFileReference; lastKnownFileType = file.storyboard; name = Base; path = Base.lproj/Main_iPad.storyboard; sourceTree = "<group>"; };
		22ACFA6B19CDB69000B7C9B8 /* VGViewController.h */ = {isa = PBXFileReference; lastKnownFileType = sourcecode.c.h; path = VGViewController.h; sourceTree = "<group>"; };
		22ACFA6C19CDB69000B7C9B8 /* VGViewController.m */ = {isa = PBXFileReference; lastKnownFileType = sourcecode.c.objc; path = VGViewController.m; sourceTree = "<group>"; };
		22ACFA6E19CDB69000B7C9B8 /* Images.xcassets */ = {isa = PBXFileReference; lastKnownFileType = folder.assetcatalog; path = Images.xcassets; sourceTree = "<group>"; };
		22ACFA7419CDB69000B7C9B8 /* webCheckerTests.xctest */ = {isa = PBXFileReference; explicitFileType = wrapper.cfbundle; includeInIndex = 0; path = webCheckerTests.xctest; sourceTree = BUILT_PRODUCTS_DIR; };
		22ACFA7519CDB69000B7C9B8 /* XCTest.framework */ = {isa = PBXFileReference; lastKnownFileType = wrapper.framework; name = XCTest.framework; path = Library/Frameworks/XCTest.framework; sourceTree = DEVELOPER_DIR; };
		22ACFA7D19CDB69000B7C9B8 /* webCheckerTests-Info.plist */ = {isa = PBXFileReference; lastKnownFileType = text.plist.xml; path = "webCheckerTests-Info.plist"; sourceTree = "<group>"; };
		22ACFA7F19CDB69000B7C9B8 /* en */ = {isa = PBXFileReference; lastKnownFileType = text.plist.strings; name = en; path = en.lproj/InfoPlist.strings; sourceTree = "<group>"; };
		22ACFA8119CDB69000B7C9B8 /* webCheckerTests.m */ = {isa = PBXFileReference; lastKnownFileType = sourcecode.c.objc; path = webCheckerTests.m; sourceTree = "<group>"; };
		22ACFA8B19CDB6D200B7C9B8 /* tiaoqi.html */ = {isa = PBXFileReference; fileEncoding = 4; lastKnownFileType = text.html; path = tiaoqi.html; sourceTree = "<group>"; };
		22D6675F19D1C90300C87E42 /* myTest.html */ = {isa = PBXFileReference; fileEncoding = 4; lastKnownFileType = text.html; path = myTest.html; sourceTree = "<group>"; };
/* End PBXFileReference section */

/* Begin PBXFrameworksBuildPhase section */
		22ACFA4D19CDB69000B7C9B8 /* Frameworks */ = {
			isa = PBXFrameworksBuildPhase;
			buildActionMask = 2147483647;
			files = (
				22ACFA5619CDB69000B7C9B8 /* CoreGraphics.framework in Frameworks */,
				22ACFA5819CDB69000B7C9B8 /* UIKit.framework in Frameworks */,
				22ACFA5419CDB69000B7C9B8 /* Foundation.framework in Frameworks */,
			);
			runOnlyForDeploymentPostprocessing = 0;
		};
		22ACFA7119CDB69000B7C9B8 /* Frameworks */ = {
			isa = PBXFrameworksBuildPhase;
			buildActionMask = 2147483647;
			files = (
				22ACFA7619CDB69000B7C9B8 /* XCTest.framework in Frameworks */,
				22ACFA7819CDB69000B7C9B8 /* UIKit.framework in Frameworks */,
				22ACFA7719CDB69000B7C9B8 /* Foundation.framework in Frameworks */,
			);
			runOnlyForDeploymentPostprocessing = 0;
		};
/* End PBXFrameworksBuildPhase section */

/* Begin PBXGroup section */
		22ACFA4719CDB69000B7C9B8 = {
			isa = PBXGroup;
			children = (
				22ACFA5919CDB69000B7C9B8 /* webChecker */,
				22ACFA7B19CDB69000B7C9B8 /* webCheckerTests */,
				22ACFA5219CDB69000B7C9B8 /* Frameworks */,
				22ACFA5119CDB69000B7C9B8 /* Products */,
			);
			sourceTree = "<group>";
		};
		22ACFA5119CDB69000B7C9B8 /* Products */ = {
			isa = PBXGroup;
			children = (
				22ACFA5019CDB69000B7C9B8 /* webChecker.app */,
				22ACFA7419CDB69000B7C9B8 /* webCheckerTests.xctest */,
			);
			name = Products;
			sourceTree = "<group>";
		};
		22ACFA5219CDB69000B7C9B8 /* Frameworks */ = {
			isa = PBXGroup;
			children = (
				22ACFA5319CDB69000B7C9B8 /* Foundation.framework */,
				22ACFA5519CDB69000B7C9B8 /* CoreGraphics.framework */,
				22ACFA5719CDB69000B7C9B8 /* UIKit.framework */,
				22ACFA7519CDB69000B7C9B8 /* XCTest.framework */,
			);
			name = Frameworks;
			sourceTree = "<group>";
		};
		22ACFA5919CDB69000B7C9B8 /* webChecker */ = {
			isa = PBXGroup;
			children = (
				22ACFA6219CDB69000B7C9B8 /* VGAppDelegate.h */,
				22ACFA6319CDB69000B7C9B8 /* VGAppDelegate.m */,
				22ACFA6519CDB69000B7C9B8 /* Main_iPhone.storyboard */,
				22ACFA6819CDB69000B7C9B8 /* Main_iPad.storyboard */,
				22ACFA6B19CDB69000B7C9B8 /* VGViewController.h */,
				22ACFA6C19CDB69000B7C9B8 /* VGViewController.m */,
				22ACFA6E19CDB69000B7C9B8 /* Images.xcassets */,
				22ACFA5A19CDB69000B7C9B8 /* Supporting Files */,
			);
			path = webChecker;
			sourceTree = "<group>";
		};
		22ACFA5A19CDB69000B7C9B8 /* Supporting Files */ = {
			isa = PBXGroup;
			children = (
				22D6675F19D1C90300C87E42 /* myTest.html */,
				22ACFA8B19CDB6D200B7C9B8 /* tiaoqi.html */,
				22ACFA5B19CDB69000B7C9B8 /* webChecker-Info.plist */,
				22ACFA5C19CDB69000B7C9B8 /* InfoPlist.strings */,
				22ACFA5F19CDB69000B7C9B8 /* main.m */,
				22ACFA6119CDB69000B7C9B8 /* webChecker-Prefix.pch */,
			);
			name = "Supporting Files";
			sourceTree = "<group>";
		};
		22ACFA7B19CDB69000B7C9B8 /* webCheckerTests */ = {
			isa = PBXGroup;
			children = (
				22ACFA8119CDB69000B7C9B8 /* webCheckerTests.m */,
				22ACFA7C19CDB69000B7C9B8 /* Supporting Files */,
			);
			path = webCheckerTests;
			sourceTree = "<group>";
		};
		22ACFA7C19CDB69000B7C9B8 /* Supporting Files */ = {
			isa = PBXGroup;
			children = (
				22ACFA7D19CDB69000B7C9B8 /* webCheckerTests-Info.plist */,
				22ACFA7E19CDB69000B7C9B8 /* InfoPlist.strings */,
			);
			name = "Supporting Files";
			sourceTree = "<group>";
		};
/* End PBXGroup section */

/* Begin PBXNativeTarget section */
		22ACFA4F19CDB69000B7C9B8 /* webChecker */ = {
			isa = PBXNativeTarget;
			buildConfigurationList = 22ACFA8519CDB69000B7C9B8 /* Build configuration list for PBXNativeTarget "webChecker" */;
			buildPhases = (
				22ACFA4C19CDB69000B7C9B8 /* Sources */,
				22ACFA4D19CDB69000B7C9B8 /* Frameworks */,
				22ACFA4E19CDB69000B7C9B8 /* Resources */,
			);
			buildRules = (
			);
			dependencies = (
			);
			name = webChecker;
			productName = webChecker;
			productReference = 22ACFA5019CDB69000B7C9B8 /* webChecker.app */;
			productType = "com.apple.product-type.application";
		};
		22ACFA7319CDB69000B7C9B8 /* webCheckerTests */ = {
			isa = PBXNativeTarget;
			buildConfigurationList = 22ACFA8819CDB69000B7C9B8 /* Build configuration list for PBXNativeTarget "webCheckerTests" */;
			buildPhases = (
				22ACFA7019CDB69000B7C9B8 /* Sources */,
				22ACFA7119CDB69000B7C9B8 /* Frameworks */,
				22ACFA7219CDB69000B7C9B8 /* Resources */,
			);
			buildRules = (
			);
			dependencies = (
				22ACFA7A19CDB69000B7C9B8 /* PBXTargetDependency */,
			);
			name = webCheckerTests;
			productName = webCheckerTests;
			productReference = 22ACFA7419CDB69000B7C9B8 /* webCheckerTests.xctest */;
			productType = "com.apple.product-type.bundle.unit-test";
		};
/* End PBXNativeTarget section */

/* Begin PBXProject section */
		22ACFA4819CDB69000B7C9B8 /* Project object */ = {
			isa = PBXProject;
			attributes = {
				CLASSPREFIX = VG;
				LastUpgradeCheck = 0510;
				ORGANIZATIONNAME = veger;
				TargetAttributes = {
					22ACFA7319CDB69000B7C9B8 = {
						TestTargetID = 22ACFA4F19CDB69000B7C9B8;
					};
				};
			};
			buildConfigurationList = 22ACFA4B19CDB69000B7C9B8 /* Build configuration list for PBXProject "webChecker" */;
			compatibilityVersion = "Xcode 3.2";
			developmentRegion = English;
			hasScannedForEncodings = 0;
			knownRegions = (
				en,
				Base,
			);
			mainGroup = 22ACFA4719CDB69000B7C9B8;
			productRefGroup = 22ACFA5119CDB69000B7C9B8 /* Products */;
			projectDirPath = "";
			projectRoot = "";
			targets = (
				22ACFA4F19CDB69000B7C9B8 /* webChecker */,
				22ACFA7319CDB69000B7C9B8 /* webCheckerTests */,
			);
		};
/* End PBXProject section */

/* Begin PBXResourcesBuildPhase section */
		22ACFA4E19CDB69000B7C9B8 /* Resources */ = {
			isa = PBXResourcesBuildPhase;
			buildActionMask = 2147483647;
			files = (
				22ACFA6A19CDB69000B7C9B8 /* Main_iPad.storyboard in Resources */,
				22ACFA6F19CDB69000B7C9B8 /* Images.xcassets in Resources */,
				22ACFA6719CDB69000B7C9B8 /* Main_iPhone.storyboard in Resources */,
				22ACFA8C19CDB6D200B7C9B8 /* tiaoqi.html in Resources */,
				22D6676019D1C90300C87E42 /* myTest.html in Resources */,
				22ACFA5E19CDB69000B7C9B8 /* InfoPlist.strings in Resources */,
			);
			runOnlyForDeploymentPostprocessing = 0;
		};
		22ACFA7219CDB69000B7C9B8 /* Resources */ = {
			isa = PBXResourcesBuildPhase;
			buildActionMask = 2147483647;
			files = (
				22ACFA8019CDB69000B7C9B8 /* InfoPlist.strings in Resources */,
			);
			runOnlyForDeploymentPostprocessing = 0;
		};
/* End PBXResourcesBuildPhase section */

/* Begin PBXSourcesBuildPhase section */
		22ACFA4C19CDB69000B7C9B8 /* Sources */ = {
			isa = PBXSourcesBuildPhase;
			buildActionMask = 2147483647;
			files = (
				22ACFA6019CDB69000B7C9B8 /* main.m in Sources */,
				22ACFA6D19CDB69000B7C9B8 /* VGViewController.m in Sources */,
				22ACFA6419CDB69000B7C9B8 /* VGAppDelegate.m in Sources */,
			);
			runOnlyForDeploymentPostprocessing = 0;
		};
		22ACFA7019CDB69000B7C9B8 /* Sources */ = {
			isa = PBXSourcesBuildPhase;
			buildActionMask = 2147483647;
			files = (
				22ACFA8219CDB69000B7C9B8 /* webCheckerTests.m in Sources */,
			);
			runOnlyForDeploymentPostprocessing = 0;
		};
/* End PBXSourcesBuildPhase section */

/* Begin PBXTargetDependency section */
		22ACFA7A19CDB69000B7C9B8 /* PBXTargetDependency */ = {
			isa = PBXTargetDependency;
			target = 22ACFA4F19CDB69000B7C9B8 /* webChecker */;
			targetProxy = 22ACFA7919CDB69000B7C9B8 /* PBXContainerItemProxy */;
		};
/* End PBXTargetDependency section */

/* Begin PBXVariantGroup section */
		22ACFA5C19CDB69000B7C9B8 /* InfoPlist.strings */ = {
			isa = PBXVariantGroup;
			children = (
				22ACFA5D19CDB69000B7C9B8 /* en */,
			);
			name = InfoPlist.strings;
			sourceTree = "<group>";
		};
		22ACFA6519CDB69000B7C9B8 /* Main_iPhone.storyboard */ = {
			isa = PBXVariantGroup;
			children = (
				22ACFA6619CDB69000B7C9B8 /* Base */,
			);
			name = Main_iPhone.storyboard;
			sourceTree = "<group>";
		};
		22ACFA6819CDB69000B7C9B8 /* Main_iPad.storyboard */ = {
			isa = PBXVariantGroup;
			children = (
				22ACFA6919CDB69000B7C9B8 /* Base */,
			);
			name = Main_iPad.storyboard;
			sourceTree = "<group>";
		};
		22ACFA7E19CDB69000B7C9B8 /* InfoPlist.strings */ = {
			isa = PBXVariantGroup;
			children = (
				22ACFA7F19CDB69000B7C9B8 /* en */,
			);
			name = InfoPlist.strings;
			sourceTree = "<group>";
		};
/* End PBXVariantGroup section */

/* Begin XCBuildConfiguration section */
		22ACFA8319CDB69000B7C9B8 /* Debug */ = {
			isa = XCBuildConfiguration;
			buildSettings = {
				ALWAYS_SEARCH_USER_PATHS = NO;
				CLANG_CXX_LANGUAGE_STANDARD = "gnu++0x";
				CLANG_CXX_LIBRARY = "libc++";
				CLANG_ENABLE_MODULES = YES;
				CLANG_ENABLE_OBJC_ARC = YES;
				CLANG_WARN_BOOL_CONVERSION = YES;
				CLANG_WARN_CONSTANT_CONVERSION = YES;
				CLANG_WARN_DIRECT_OBJC_ISA_USAGE = YES_ERROR;
				CLANG_WARN_EMPTY_BODY = YES;
				CLANG_WARN_ENUM_CONVERSION = YES;
				CLANG_WARN_INT_CONVERSION = YES;
				CLANG_WARN_OBJC_ROOT_CLASS = YES_ERROR;
				CLANG_WARN__DUPLICATE_METHOD_MATCH = YES;
				"CODE_SIGN_IDENTITY[sdk=iphoneos*]" = "iPhone Developer";
				COPY_PHASE_STRIP = NO;
				GCC_C_LANGUAGE_STANDARD = gnu99;
				GCC_DYNAMIC_NO_PIC = NO;
				GCC_OPTIMIZATION_LEVEL = 0;
				GCC_PREPROCESSOR_DEFINITIONS = (
					"DEBUG=1",
					"$(inherited)",
				);
				GCC_SYMBOLS_PRIVATE_EXTERN = NO;
				GCC_WARN_64_TO_32_BIT_CONVERSION = YES;
				GCC_WARN_ABOUT_RETURN_TYPE = YES_ERROR;
				GCC_WARN_UNDECLARED_SELECTOR = YES;
				GCC_WARN_UNINITIALIZED_AUTOS = YES_AGGRESSIVE;
				GCC_WARN_UNUSED_FUNCTION = YES;
				GCC_WARN_UNUSED_VARIABLE = YES;
				IPHONEOS_DEPLOYMENT_TARGET = 7.1;
				ONLY_ACTIVE_ARCH = YES;
				SDKROOT = iphoneos;
				TARGETED_DEVICE_FAMILY = "1,2";
			};
			name = Debug;
		};
		22ACFA8419CDB69000B7C9B8 /* Release */ = {
			isa = XCBuildConfiguration;
			buildSettings = {
				ALWAYS_SEARCH_USER_PATHS = NO;
				CLANG_CXX_LANGUAGE_STANDARD = "gnu++0x";
				CLANG_CXX_LIBRARY = "libc++";
				CLANG_ENABLE_MODULES = YES;
				CLANG_ENABLE_OBJC_ARC = YES;
				CLANG_WARN_BOOL_CONVERSION = YES;
				CLANG_WARN_CONSTANT_CONVERSION = YES;
				CLANG_WARN_DIRECT_OBJC_ISA_USAGE = YES_ERROR;
				CLANG_WARN_EMPTY_BODY = YES;
				CLANG_WARN_ENUM_CONVERSION = YES;
				CLANG_WARN_INT_CONVERSION = YES;
				CLANG_WARN_OBJC_ROOT_CLASS = YES_ERROR;
				CLANG_WARN__DUPLICATE_METHOD_MATCH = YES;
				"CODE_SIGN_IDENTITY[sdk=iphoneos*]" = "iPhone Developer";
				COPY_PHASE_STRIP = YES;
				ENABLE_NS_ASSERTIONS = NO;
				GCC_C_LANGUAGE_STANDARD = gnu99;
				GCC_WARN_64_TO_32_BIT_CONVERSION = YES;
				GCC_WARN_ABOUT_RETURN_TYPE = YES_ERROR;
				GCC_WARN_UNDECLARED_SELECTOR = YES;
				GCC_WARN_UNINITIALIZED_AUTOS = YES_AGGRESSIVE;
				GCC_WARN_UNUSED_FUNCTION = YES;
				GCC_WARN_UNUSED_VARIABLE = YES;
				IPHONEOS_DEPLOYMENT_TARGET = 7.1;
				SDKROOT = iphoneos;
				TARGETED_DEVICE_FAMILY = "1,2";
				VALIDATE_PRODUCT = YES;
			};
			name = Release;
		};
		22ACFA8619CDB69000B7C9B8 /* Debug */ = {
			isa = XCBuildConfiguration;
			buildSettings = {
				ASSETCATALOG_COMPILER_APPICON_NAME = AppIcon;
				ASSETCATALOG_COMPILER_LAUNCHIMAGE_NAME = LaunchImage;
				GCC_PRECOMPILE_PREFIX_HEADER = YES;
				GCC_PREFIX_HEADER = "webChecker/webChecker-Prefix.pch";
				INFOPLIST_FILE = "webChecker/webChecker-Info.plist";
				IPHONEOS_DEPLOYMENT_TARGET = 6.0;
				PRODUCT_NAME = "$(TARGET_NAME)";
				PROVISIONING_PROFILE = "39AF37C6-90E8-43D2-BD27-89037A76DDD1";
				WRAPPER_EXTENSION = app;
			};
			name = Debug;
		};
		22ACFA8719CDB69000B7C9B8 /* Release */ = {
			isa = XCBuildConfiguration;
			buildSettings = {
				ASSETCATALOG_COMPILER_APPICON_NAME = AppIcon;
				ASSETCATALOG_COMPILER_LAUNCHIMAGE_NAME = LaunchImage;
				GCC_PRECOMPILE_PREFIX_HEADER = YES;
				GCC_PREFIX_HEADER = "webChecker/webChecker-Prefix.pch";
				INFOPLIST_FILE = "webChecker/webChecker-Info.plist";
				IPHONEOS_DEPLOYMENT_TARGET = 6.0;
				PRODUCT_NAME = "$(TARGET_NAME)";
				PROVISIONING_PROFILE = "39AF37C6-90E8-43D2-BD27-89037A76DDD1";
				WRAPPER_EXTENSION = app;
			};
			name = Release;
		};
		22ACFA8919CDB69000B7C9B8 /* Debug */ = {
			isa = XCBuildConfiguration;
			buildSettings = {
				BUNDLE_LOADER = "$(BUILT_PRODUCTS_DIR)/webChecker.app/webChecker";
				FRAMEWORK_SEARCH_PATHS = (
					"$(SDKROOT)/Developer/Library/Frameworks",
					"$(inherited)",
					"$(DEVELOPER_FRAMEWORKS_DIR)",
				);
				GCC_PRECOMPILE_PREFIX_HEADER = YES;
				GCC_PREFIX_HEADER = "webChecker/webChecker-Prefix.pch";
				GCC_PREPROCESSOR_DEFINITIONS = (
					"DEBUG=1",
					"$(inherited)",
				);
				INFOPLIST_FILE = "webCheckerTests/webCheckerTests-Info.plist";
				PRODUCT_NAME = "$(TARGET_NAME)";
				TEST_HOST = "$(BUNDLE_LOADER)";
				WRAPPER_EXTENSION = xctest;
			};
			name = Debug;
		};
		22ACFA8A19CDB69000B7C9B8 /* Release */ = {
			isa = XCBuildConfiguration;
			buildSettings = {
				BUNDLE_LOADER = "$(BUILT_PRODUCTS_DIR)/webChecker.app/webChecker";
				FRAMEWORK_SEARCH_PATHS = (
					"$(SDKROOT)/Developer/Library/Frameworks",
					"$(inherited)",
					"$(DEVELOPER_FRAMEWORKS_DIR)",
				);
				GCC_PRECOMPILE_PREFIX_HEADER = YES;
				GCC_PREFIX_HEADER = "webChecker/webChecker-Prefix.pch";
				INFOPLIST_FILE = "webCheckerTests/webCheckerTests-Info.plist";
				PRODUCT_NAME = "$(TARGET_NAME)";
				TEST_HOST = "$(BUNDLE_LOADER)";
				WRAPPER_EXTENSION = xctest;
			};
			name = Release;
		};
/* End XCBuildConfiguration section */

/* Begin XCConfigurationList section */
		22ACFA4B19CDB69000B7C9B8 /* Build configuration list for PBXProject "webChecker" */ = {
			isa = XCConfigurationList;
			buildConfigurations = (
				22ACFA8319CDB69000B7C9B8 /* Debug */,
				22ACFA8419CDB69000B7C9B8 /* Release */,
			);
			defaultConfigurationIsVisible = 0;
			defaultConfigurationName = Release;
		};
		22ACFA8519CDB69000B7C9B8 /* Build configuration list for PBXNativeTarget "webChecker" */ = {
			isa = XCConfigurationList;
			buildConfigurations = (
				22ACFA8619CDB69000B7C9B8 /* Debug */,
				22ACFA8719CDB69000B7C9B8 /* Release */,
			);
			defaultConfigurationIsVisible = 0;
			defaultConfigurationName = Release;
		};
		22ACFA8819CDB69000B7C9B8 /* Build configuration list for PBXNativeTarget "webCheckerTests" */ = {
			isa = XCConfigurationList;
			buildConfigurations = (
				22ACFA8919CDB69000B7C9B8 /* Debug */,
				22ACFA8A19CDB69000B7C9B8 /* Release */,
			);
			defaultConfigurationIsVisible = 0;
			defaultConfigurationName = Release;
		};
/* End XCConfigurationList section */
	};
	rootObject = 22ACFA4819CDB69000B7C9B8 /* Project object */;
}
